
Microsoft Visual Studio Solution File, Format Version 12.00
# Visual Studio 14
VisualStudioVersion = 14.0.23107.0
MinimumVisualStudioVersion = 10.0.40219.1
Project("{FAE04EC0-301F-11D3-BF4B-00C04F79EFBC}") = "Ceu-Education-MVC", "Ceu-Education-MVC\Ceu-Education-MVC.csproj", "{56BC7360-6F9F-448F-AA0A-CEA19955C08C}"
EndProject
Project("{FAE04EC0-301F-11D3-BF4B-00C04F79EFBC}") = "DAL", "DAL\DAL.csproj", "{5321A800-C2AD-4C71-993F-BE8A729DE656}"
EndProject
Project("{FAE04EC0-301F-11D3-BF4B-00C04F79EFBC}") = "CeuWorkflow", "CeuWorkflow\CeuWorkflow.csproj", "{066E7CE5-6729-4DD6-A71D-C96D7D28FFBA}"
EndProject
Global
	GlobalSection(SolutionConfigurationPlatforms) = preSolution
		Debug|Any CPU = Debug|Any CPU
		Release|Any CPU = Release|Any CPU
	EndGlobalSection
	GlobalSection(ProjectConfigurationPlatforms) = postSolution
		{56BC7360-6F9F-448F-AA0A-CEA19955C08C}.Debug|Any CPU.ActiveCfg = Debug|Any CPU
		{56BC7360-6F9F-448F-AA0A-CEA19955C08C}.Debug|Any CPU.Build.0 = Debug|Any CPU
		{56BC7360-6F9F-448F-AA0A-CEA19955C08C}.Release|Any CPU.ActiveCfg = Release|Any CPU
		{56BC7360-6F9F-448F-AA0A-CEA19955C08C}.Release|Any CPU.Build.0 = Release|Any CPU
		{5321A800-C2AD-4C71-993F-BE8A729DE656}.Debug|Any CPU.ActiveCfg = Debug|Any CPU
		{5321A800-C2AD-4C71-993F-BE8A729DE656}.Debug|Any CPU.Build.0 = Debug|Any CPU
		{5321A800-C2AD-4C71-993F-BE8A729DE656}.Release|Any CPU.ActiveCfg = Release|Any CPU
		{5321A800-C2AD-4C71-993F-BE8A729DE656}.Release|Any CPU.Build.0 = Release|Any CPU
		{066E7CE5-6729-4DD6-A71D-C96D7D28FFBA}.Debug|Any CPU.ActiveCfg = Debug|Any CPU
		{066E7CE5-6729-4DD6-A71D-C96D7D28FFBA}.Debug|Any CPU.Build.0 = Debug|Any CPU
		{066E7CE5-6729-4DD6-A71D-C96D7D28FFBA}.Release|Any CPU.ActiveCfg = Release|Any CPU
		{066E7CE5-6729-4DD6-A71D-C96D7D28FFBA}.Release|Any CPU.Build.0 = Release|Any CPU
	EndGlobalSection
	GlobalSection(SolutionProperties) = preSolution
		HideSolutionNode = FALSE
	EndGlobalSection
EndGlobal
